// !$*UTF8*$!
{
	archiveVersion = 1;
	classes = {
	};
	objectVersion = 46;
	objects = {

/* Begin PBXBuildFile section */
		5EE51E653FC809AA8350D9DC /* libPods.a in Frameworks */ = {isa = PBXBuildFile; fileRef = 29934039A758AD9160419641 /* libPods.a */; };
		DB16BF041A095D0600BF100B /* main.m in Sources */ = {isa = PBXBuildFile; fileRef = DB16BF031A095D0600BF100B /* main.m */; };
		DB16BF071A095D0600BF100B /* AppDelegate.m in Sources */ = {isa = PBXBuildFile; fileRef = DB16BF061A095D0600BF100B /* AppDelegate.m */; };
		DB16BF0A1A095D0600BF100B /* CHRiudoms.xcdatamodeld in Sources */ = {isa = PBXBuildFile; fileRef = DB16BF081A095D0600BF100B /* CHRiudoms.xcdatamodeld */; };
		DB16BF0D1A095D0600BF100B /* ViewController.m in Sources */ = {isa = PBXBuildFile; fileRef = DB16BF0C1A095D0600BF100B /* ViewController.m */; };
		DB16BF121A095D0600BF100B /* Images.xcassets in Resources */ = {isa = PBXBuildFile; fileRef = DB16BF111A095D0600BF100B /* Images.xcassets */; };
		DB16BF151A095D0600BF100B /* LaunchScreen.xib in Resources */ = {isa = PBXBuildFile; fileRef = DB16BF131A095D0600BF100B /* LaunchScreen.xib */; };
		DB16BF211A095D0600BF100B /* CHRiudomsTests.m in Sources */ = {isa = PBXBuildFile; fileRef = DB16BF201A095D0600BF100B /* CHRiudomsTests.m */; };
		DB16BF2E1A095FA400BF100B /* ParseUtilities.m in Sources */ = {isa = PBXBuildFile; fileRef = DB16BF2D1A095FA400BF100B /* ParseUtilities.m */; };
		DB16BF331A09659500BF100B /* Main.storyboard in Resources */ = {isa = PBXBuildFile; fileRef = DB16BF321A09659500BF100B /* Main.storyboard */; };
		DB16BF371A0965F200BF100B /* LoginViewController.m in Sources */ = {isa = PBXBuildFile; fileRef = DB16BF361A0965F200BF100B /* LoginViewController.m */; };
/* End PBXBuildFile section */

/* Begin PBXContainerItemProxy section */
		DB16BF1B1A095D0600BF100B /* PBXContainerItemProxy */ = {
			isa = PBXContainerItemProxy;
			containerPortal = DB16BEF61A095D0600BF100B /* Project object */;
			proxyType = 1;
			remoteGlobalIDString = DB16BEFD1A095D0600BF100B;
			remoteInfo = CHRiudoms;
		};
/* End PBXContainerItemProxy section */

/* Begin PBXFileReference section */
		29934039A758AD9160419641 /* libPods.a */ = {isa = PBXFileReference; explicitFileType = archive.ar; includeInIndex = 0; path = libPods.a; sourceTree = BUILT_PRODUCTS_DIR; };
		2D67A21F76BCB13DE81432F9 /* Pods.debug.xcconfig */ = {isa = PBXFileReference; includeInIndex = 1; lastKnownFileType = text.xcconfig; name = Pods.debug.xcconfig; path = "Pods/Target Support Files/Pods/Pods.debug.xcconfig"; sourceTree = "<group>"; };
		8FBA261A9FB42E310E1D03AF /* Pods.release.xcconfig */ = {isa = PBXFileReference; includeInIndex = 1; lastKnownFileType = text.xcconfig; name = Pods.release.xcconfig; path = "Pods/Target Support Files/Pods/Pods.release.xcconfig"; sourceTree = "<group>"; };
		DB16BEFE1A095D0600BF100B /* CHRiudoms.app */ = {isa = PBXFileReference; explicitFileType = wrapper.application; includeInIndex = 0; path = CHRiudoms.app; sourceTree = BUILT_PRODUCTS_DIR; };
		DB16BF021A095D0600BF100B /* Info.plist */ = {isa = PBXFileReference; lastKnownFileType = text.plist.xml; path = Info.plist; sourceTree = "<group>"; };
		DB16BF031A095D0600BF100B /* main.m */ = {isa = PBXFileReference; lastKnownFileType = sourcecode.c.objc; path = main.m; sourceTree = "<group>"; };
		DB16BF051A095D0600BF100B /* AppDelegate.h */ = {isa = PBXFileReference; lastKnownFileType = sourcecode.c.h; path = AppDelegate.h; sourceTree = "<group>"; };
		DB16BF061A095D0600BF100B /* AppDelegate.m */ = {isa = PBXFileReference; lastKnownFileType = sourcecode.c.objc; path = AppDelegate.m; sourceTree = "<group>"; };
		DB16BF091A095D0600BF100B /* CHRiudoms.xcdatamodel */ = {isa = PBXFileReference; lastKnownFileType = wrapper.xcdatamodel; path = CHRiudoms.xcdatamodel; sourceTree = "<group>"; };
		DB16BF0B1A095D0600BF100B /* ViewController.h */ = {isa = PBXFileReference; lastKnownFileType = sourcecode.c.h; path = ViewController.h; sourceTree = "<group>"; };
		DB16BF0C1A095D0600BF100B /* ViewController.m */ = {isa = PBXFileReference; lastKnownFileType = sourcecode.c.objc; path = ViewController.m; sourceTree = "<group>"; };
		DB16BF111A095D0600BF100B /* Images.xcassets */ = {isa = PBXFileReference; lastKnownFileType = folder.assetcatalog; path = Images.xcassets; sourceTree = "<group>"; };
		DB16BF141A095D0600BF100B /* Base */ = {isa = PBXFileReference; lastKnownFileType = file.xib; name = Base; path = Base.lproj/LaunchScreen.xib; sourceTree = "<group>"; };
		DB16BF1A1A095D0600BF100B /* CHRiudomsTests.xctest */ = {isa = PBXFileReference; explicitFileType = wrapper.cfbundle; includeInIndex = 0; path = CHRiudomsTests.xctest; sourceTree = BUILT_PRODUCTS_DIR; };
		DB16BF1F1A095D0600BF100B /* Info.plist */ = {isa = PBXFileReference; lastKnownFileType = text.plist.xml; path = Info.plist; sourceTree = "<group>"; };
		DB16BF201A095D0600BF100B /* CHRiudomsTests.m */ = {isa = PBXFileReference; lastKnownFileType = sourcecode.c.objc; path = CHRiudomsTests.m; sourceTree = "<group>"; };
		DB16BF2D1A095FA400BF100B /* ParseUtilities.m */ = {isa = PBXFileReference; fileEncoding = 4; lastKnownFileType = sourcecode.c.objc; path = ParseUtilities.m; sourceTree = "<group>"; };
		DB16BF2F1A095FB500BF100B /* ParseUtilities.h */ = {isa = PBXFileReference; lastKnownFileType = sourcecode.c.h; path = ParseUtilities.h; sourceTree = "<group>"; };
		DB16BF321A09659500BF100B /* Main.storyboard */ = {isa = PBXFileReference; fileEncoding = 4; lastKnownFileType = file.storyboard; path = Main.storyboard; sourceTree = "<group>"; };
		DB16BF351A0965F200BF100B /* LoginViewController.h */ = {isa = PBXFileReference; fileEncoding = 4; lastKnownFileType = sourcecode.c.h; path = LoginViewController.h; sourceTree = "<group>"; };
		DB16BF361A0965F200BF100B /* LoginViewController.m */ = {isa = PBXFileReference; fileEncoding = 4; lastKnownFileType = sourcecode.c.objc; path = LoginViewController.m; sourceTree = "<group>"; };
/* End PBXFileReference section */

/* Begin PBXFrameworksBuildPhase section */
		DB16BEFB1A095D0600BF100B /* Frameworks */ = {
			isa = PBXFrameworksBuildPhase;
			buildActionMask = 2147483647;
			files = (
				5EE51E653FC809AA8350D9DC /* libPods.a in Frameworks */,
			);
			runOnlyForDeploymentPostprocessing = 0;
		};
		DB16BF171A095D0600BF100B /* Frameworks */ = {
			isa = PBXFrameworksBuildPhase;
			buildActionMask = 2147483647;
			files = (
			);
			runOnlyForDeploymentPostprocessing = 0;
		};
/* End PBXFrameworksBuildPhase section */

/* Begin PBXGroup section */
		3324CD58DB7495AA8709FDEF /* Pods */ = {
			isa = PBXGroup;
			children = (
				2D67A21F76BCB13DE81432F9 /* Pods.debug.xcconfig */,
				8FBA261A9FB42E310E1D03AF /* Pods.release.xcconfig */,
			);
			name = Pods;
			sourceTree = "<group>";
		};
		DB16BEF51A095D0600BF100B = {
			isa = PBXGroup;
			children = (
				DB16BF001A095D0600BF100B /* CHRiudoms */,
				DB16BF1D1A095D0600BF100B /* CHRiudomsTests */,
				DB16BEFF1A095D0600BF100B /* Products */,
				3324CD58DB7495AA8709FDEF /* Pods */,
				DBD1E42227B490D10C5AA357 /* Frameworks */,
			);
			sourceTree = "<group>";
		};
		DB16BEFF1A095D0600BF100B /* Products */ = {
			isa = PBXGroup;
			children = (
				DB16BEFE1A095D0600BF100B /* CHRiudoms.app */,
				DB16BF1A1A095D0600BF100B /* CHRiudomsTests.xctest */,
			);
			name = Products;
			sourceTree = "<group>";
		};
		DB16BF001A095D0600BF100B /* CHRiudoms */ = {
			isa = PBXGroup;
			children = (
				DB16BF341A0965D400BF100B /* Login */,
				DB16BF311A09658300BF100B /* Storyboard */,
				DB16BF2C1A095F8200BF100B /* Config */,
				DB16BF051A095D0600BF100B /* AppDelegate.h */,
				DB16BF061A095D0600BF100B /* AppDelegate.m */,
				DB16BF0B1A095D0600BF100B /* ViewController.h */,
				DB16BF0C1A095D0600BF100B /* ViewController.m */,
				DB16BF111A095D0600BF100B /* Images.xcassets */,
				DB16BF131A095D0600BF100B /* LaunchScreen.xib */,
				DB16BF081A095D0600BF100B /* CHRiudoms.xcdatamodeld */,
				DB16BF011A095D0600BF100B /* Supporting Files */,
			);
			path = CHRiudoms;
			sourceTree = "<group>";
		};
		DB16BF011A095D0600BF100B /* Supporting Files */ = {
			isa = PBXGroup;
			children = (
				DB16BF021A095D0600BF100B /* Info.plist */,
				DB16BF031A095D0600BF100B /* main.m */,
			);
			name = "Supporting Files";
			sourceTree = "<group>";
		};
		DB16BF1D1A095D0600BF100B /* CHRiudomsTests */ = {
			isa = PBXGroup;
			children = (
				DB16BF201A095D0600BF100B /* CHRiudomsTests.m */,
				DB16BF1E1A095D0600BF100B /* Supporting Files */,
			);
			path = CHRiudomsTests;
			sourceTree = "<group>";
		};
		DB16BF1E1A095D0600BF100B /* Supporting Files */ = {
			isa = PBXGroup;
			children = (
				DB16BF1F1A095D0600BF100B /* Info.plist */,
			);
			name = "Supporting Files";
			sourceTree = "<group>";
		};
		DB16BF2C1A095F8200BF100B /* Config */ = {
			isa = PBXGroup;
			children = (
				DB16BF2F1A095FB500BF100B /* ParseUtilities.h */,
				DB16BF2D1A095FA400BF100B /* ParseUtilities.m */,
			);
			path = Config;
			sourceTree = "<group>";
		};
		DB16BF311A09658300BF100B /* Storyboard */ = {
			isa = PBXGroup;
			children = (
				DB16BF321A09659500BF100B /* Main.storyboard */,
			);
			path = Storyboard;
			sourceTree = "<group>";
		};
		DB16BF341A0965D400BF100B /* Login */ = {
			isa = PBXGroup;
			children = (
				DB16BF351A0965F200BF100B /* LoginViewController.h */,
				DB16BF361A0965F200BF100B /* LoginViewController.m */,
			);
			path = Login;
			sourceTree = "<group>";
		};
		DBD1E42227B490D10C5AA357 /* Frameworks */ = {
			isa = PBXGroup;
			children = (
				29934039A758AD9160419641 /* libPods.a */,
			);
			name = Frameworks;
			sourceTree = "<group>";
		};
/* End PBXGroup section */

/* Begin PBXNativeTarget section */
		DB16BEFD1A095D0600BF100B /* CHRiudoms */ = {
			isa = PBXNativeTarget;
			buildConfigurationList = DB16BF241A095D0600BF100B /* Build configuration list for PBXNativeTarget "CHRiudoms" */;
			buildPhases = (
				933B9756EB6256F4FB4A1E48 /* Check Pods Manifest.lock */,
				DB16BEFA1A095D0600BF100B /* Sources */,
				DB16BEFB1A095D0600BF100B /* Frameworks */,
				DB16BEFC1A095D0600BF100B /* Resources */,
				3439EA7319088BD6AAA50A47 /* Copy Pods Resources */,
			);
			buildRules = (
			);
			dependencies = (
			);
			name = CHRiudoms;
			productName = CHRiudoms;
			productReference = DB16BEFE1A095D0600BF100B /* CHRiudoms.app */;
			productType = "com.apple.product-type.application";
		};
		DB16BF191A095D0600BF100B /* CHRiudomsTests */ = {
			isa = PBXNativeTarget;
			buildConfigurationList = DB16BF271A095D0600BF100B /* Build configuration list for PBXNativeTarget "CHRiudomsTests" */;
			buildPhases = (
				DB16BF161A095D0600BF100B /* Sources */,
				DB16BF171A095D0600BF100B /* Frameworks */,
				DB16BF181A095D0600BF100B /* Resources */,
			);
			buildRules = (
			);
			dependencies = (
				DB16BF1C1A095D0600BF100B /* PBXTargetDependency */,
			);
			name = CHRiudomsTests;
			productName = CHRiudomsTests;
			productReference = DB16BF1A1A095D0600BF100B /* CHRiudomsTests.xctest */;
			productType = "com.apple.product-type.bundle.unit-test";
		};
/* End PBXNativeTarget section */

/* Begin PBXProject section */
		DB16BEF61A095D0600BF100B /* Project object */ = {
			isa = PBXProject;
			attributes = {
				LastUpgradeCheck = 0610;
				ORGANIZATIONNAME = rogras;
				TargetAttributes = {
					DB16BEFD1A095D0600BF100B = {
						CreatedOnToolsVersion = 6.1;
					};
					DB16BF191A095D0600BF100B = {
						CreatedOnToolsVersion = 6.1;
						TestTargetID = DB16BEFD1A095D0600BF100B;
					};
				};
			};
			buildConfigurationList = DB16BEF91A095D0600BF100B /* Build configuration list for PBXProject "CHRiudoms" */;
			compatibilityVersion = "Xcode 3.2";
			developmentRegion = English;
			hasScannedForEncodings = 0;
			knownRegions = (
				en,
				Base,
			);
			mainGroup = DB16BEF51A095D0600BF100B;
			productRefGroup = DB16BEFF1A095D0600BF100B /* Products */;
			projectDirPath = "";
			projectRoot = "";
			targets = (
				DB16BEFD1A095D0600BF100B /* CHRiudoms */,
				DB16BF191A095D0600BF100B /* CHRiudomsTests */,
			);
		};
/* End PBXProject section */

/* Begin PBXResourcesBuildPhase section */
		DB16BEFC1A095D0600BF100B /* Resources */ = {
			isa = PBXResourcesBuildPhase;
			buildActionMask = 2147483647;
			files = (
				DB16BF151A095D0600BF100B /* LaunchScreen.xib in Resources */,
				DB16BF121A095D0600BF100B /* Images.xcassets in Resources */,
				DB16BF331A09659500BF100B /* Main.storyboard in Resources */,
			);
			runOnlyForDeploymentPostprocessing = 0;
		};
		DB16BF181A095D0600BF100B /* Resources */ = {
			isa = PBXResourcesBuildPhase;
			buildActionMask = 2147483647;
			files = (
			);
			runOnlyForDeploymentPostprocessing = 0;
		};
/* End PBXResourcesBuildPhase section */

/* Begin PBXShellScriptBuildPhase section */
		3439EA7319088BD6AAA50A47 /* Copy Pods Resources */ = {
			isa = PBXShellScriptBuildPhase;
			buildActionMask = 2147483647;
			files = (
			);
			inputPaths = (
			);
			name = "Copy Pods Resources";
			outputPaths = (
			);
			runOnlyForDeploymentPostprocessing = 0;
			shellPath = /bin/sh;
			shellScript = "\"${SRCROOT}/Pods/Target Support Files/Pods/Pods-resources.sh\"\n";
			showEnvVarsInLog = 0;
		};
		933B9756EB6256F4FB4A1E48 /* Check Pods Manifest.lock */ = {
			isa = PBXShellScriptBuildPhase;
			buildActionMask = 2147483647;
			files = (
			);
			inputPaths = (
			);
			name = "Check Pods Manifest.lock";
			outputPaths = (
			);
			runOnlyForDeploymentPostprocessing = 0;
			shellPath = /bin/sh;
			shellScript = "diff \"${PODS_ROOT}/../Podfile.lock\" \"${PODS_ROOT}/Manifest.lock\" > /dev/null\nif [[ $? != 0 ]] ; then\n    cat << EOM\nerror: The sandbox is not in sync with the Podfile.lock. Run 'pod install' or update your CocoaPods installation.\nEOM\n    exit 1\nfi\n";
			showEnvVarsInLog = 0;
		};
/* End PBXShellScriptBuildPhase section */

/* Begin PBXSourcesBuildPhase section */
		DB16BEFA1A095D0600BF100B /* Sources */ = {
			isa = PBXSourcesBuildPhase;
			buildActionMask = 2147483647;
			files = (
				DB16BF0A1A095D0600BF100B /* CHRiudoms.xcdatamodeld in Sources */,
				DB16BF071A095D0600BF100B /* AppDelegate.m in Sources */,
				DB16BF371A0965F200BF100B /* LoginViewController.m in Sources */,
				DB16BF0D1A095D0600BF100B /* ViewController.m in Sources */,
				DB16BF2E1A095FA400BF100B /* ParseUtilities.m in Sources */,
				DB16BF041A095D0600BF100B /* main.m in Sources */,
			);
			runOnlyForDeploymentPostprocessing = 0;
		};
		DB16BF161A095D0600BF100B /* Sources */ = {
			isa = PBXSourcesBuildPhase;
			buildActionMask = 2147483647;
			files = (
				DB16BF211A095D0600BF100B /* CHRiudomsTests.m in Sources */,
			);
			runOnlyForDeploymentPostprocessing = 0;
		};
/* End PBXSourcesBuildPhase section */

/* Begin PBXTargetDependency section */
		DB16BF1C1A095D0600BF100B /* PBXTargetDependency */ = {
			isa = PBXTargetDependency;
			target = DB16BEFD1A095D0600BF100B /* CHRiudoms */;
			targetProxy = DB16BF1B1A095D0600BF100B /* PBXContainerItemProxy */;
		};
/* End PBXTargetDependency section */

/* Begin PBXVariantGroup section */
		DB16BF131A095D0600BF100B /* LaunchScreen.xib */ = {
			isa = PBXVariantGroup;
			children = (
				DB16BF141A095D0600BF100B /* Base */,
			);
			name = LaunchScreen.xib;
			sourceTree = "<group>";
		};
/* End PBXVariantGroup section */

/* Begin XCBuildConfiguration section */
		DB16BF221A095D0600BF100B /* Debug */ = {
			isa = XCBuildConfiguration;
			buildSettings = {
				ALWAYS_SEARCH_USER_PATHS = NO;
				CLANG_CXX_LANGUAGE_STANDARD = "gnu++0x";
				CLANG_CXX_LIBRARY = "libc++";
				CLANG_ENABLE_MODULES = YES;
				CLANG_ENABLE_OBJC_ARC = YES;
				CLANG_WARN_BOOL_CONVERSION = YES;
				CLANG_WARN_CONSTANT_CONVERSION = YES;
				CLANG_WARN_DIRECT_OBJC_ISA_USAGE = YES_ERROR;
				CLANG_WARN_EMPTY_BODY = YES;
				CLANG_WARN_ENUM_CONVERSION = YES;
				CLANG_WARN_INT_CONVERSION = YES;
				CLANG_WARN_OBJC_ROOT_CLASS = YES_ERROR;
				CLANG_WARN_UNREACHABLE_CODE = YES;
				CLANG_WARN__DUPLICATE_METHOD_MATCH = YES;
				"CODE_SIGN_IDENTITY[sdk=iphoneos*]" = "iPhone Developer";
				COPY_PHASE_STRIP = NO;
				ENABLE_STRICT_OBJC_MSGSEND = YES;
				GCC_C_LANGUAGE_STANDARD = gnu99;
				GCC_DYNAMIC_NO_PIC = NO;
				GCC_OPTIMIZATION_LEVEL = 0;
				GCC_PREPROCESSOR_DEFINITIONS = (
					"DEBUG=1",
					"$(inherited)",
				);
				GCC_SYMBOLS_PRIVATE_EXTERN = NO;
				GCC_WARN_64_TO_32_BIT_CONVERSION = YES;
				GCC_WARN_ABOUT_RETURN_TYPE = YES_ERROR;
				GCC_WARN_UNDECLARED_SELECTOR = YES;
				GCC_WARN_UNINITIALIZED_AUTOS = YES_AGGRESSIVE;
				GCC_WARN_UNUSED_FUNCTION = YES;
				GCC_WARN_UNUSED_VARIABLE = YES;
				IPHONEOS_DEPLOYMENT_TARGET = 8.1;
				MTL_ENABLE_DEBUG_INFO = YES;
				ONLY_ACTIVE_ARCH = YES;
				SDKROOT = iphoneos;
				TARGETED_DEVICE_FAMILY = "1,2";
			};
			name = Debug;
		};
		DB16BF231A095D0600BF100B /* Release */ = {
			isa = XCBuildConfiguration;
			buildSettings = {
				ALWAYS_SEARCH_USER_PATHS = NO;
				CLANG_CXX_LANGUAGE_STANDARD = "gnu++0x";
				CLANG_CXX_LIBRARY = "libc++";
				CLANG_ENABLE_MODULES = YES;
				CLANG_ENABLE_OBJC_ARC = YES;
				CLANG_WARN_BOOL_CONVERSION = YES;
				CLANG_WARN_CONSTANT_CONVERSION = YES;
				CLANG_WARN_DIRECT_OBJC_ISA_USAGE = YES_ERROR;
				CLANG_WARN_EMPTY_BODY = YES;
				CLANG_WARN_ENUM_CONVERSION = YES;
				CLANG_WARN_INT_CONVERSION = YES;
				CLANG_WARN_OBJC_ROOT_CLASS = YES_ERROR;
				CLANG_WARN_UNREACHABLE_CODE = YES;
				CLANG_WARN__DUPLICATE_METHOD_MATCH = YES;
				"CODE_SIGN_IDENTITY[sdk=iphoneos*]" = "iPhone Developer";
				COPY_PHASE_STRIP = YES;
				ENABLE_NS_ASSERTIONS = NO;
				ENABLE_STRICT_OBJC_MSGSEND = YES;
				GCC_C_LANGUAGE_STANDARD = gnu99;
				GCC_WARN_64_TO_32_BIT_CONVERSION = YES;
				GCC_WARN_ABOUT_RETURN_TYPE = YES_ERROR;
				GCC_WARN_UNDECLARED_SELECTOR = YES;
				GCC_WARN_UNINITIALIZED_AUTOS = YES_AGGRESSIVE;
				GCC_WARN_UNUSED_FUNCTION = YES;
				GCC_WARN_UNUSED_VARIABLE = YES;
				IPHONEOS_DEPLOYMENT_TARGET = 8.1;
				MTL_ENABLE_DEBUG_INFO = NO;
				SDKROOT = iphoneos;
				TARGETED_DEVICE_FAMILY = "1,2";
				VALIDATE_PRODUCT = YES;
			};
			name = Release;
		};
		DB16BF251A095D0600BF100B /* Debug */ = {
			isa = XCBuildConfiguration;
			baseConfigurationReference = 2D67A21F76BCB13DE81432F9 /* Pods.debug.xcconfig */;
			buildSettings = {
				ASSETCATALOG_COMPILER_APPICON_NAME = AppIcon;
				INFOPLIST_FILE = CHRiudoms/Info.plist;
				LD_RUNPATH_SEARCH_PATHS = "$(inherited) @executable_path/Frameworks";
				PRODUCT_NAME = "$(TARGET_NAME)";
			};
			name = Debug;
		};
		DB16BF261A095D0600BF100B /* Release */ = {
			isa = XCBuildConfiguration;
			baseConfigurationReference = 8FBA261A9FB42E310E1D03AF /* Pods.release.xcconfig */;
			buildSettings = {
				ASSETCATALOG_COMPILER_APPICON_NAME = AppIcon;
				INFOPLIST_FILE = CHRiudoms/Info.plist;
				LD_RUNPATH_SEARCH_PATHS = "$(inherited) @executable_path/Frameworks";
				PRODUCT_NAME = "$(TARGET_NAME)";
			};
			name = Release;
		};
		DB16BF281A095D0600BF100B /* Debug */ = {
			isa = XCBuildConfiguration;
			buildSettings = {
				BUNDLE_LOADER = "$(TEST_HOST)";
				FRAMEWORK_SEARCH_PATHS = (
					"$(SDKROOT)/Developer/Library/Frameworks",
					"$(inherited)",
				);
				GCC_PREPROCESSOR_DEFINITIONS = (
					"DEBUG=1",
					"$(inherited)",
				);
				INFOPLIST_FILE = CHRiudomsTests/Info.plist;
				LD_RUNPATH_SEARCH_PATHS = "$(inherited) @executable_path/Frameworks @loader_path/Frameworks";
				PRODUCT_NAME = "$(TARGET_NAME)";
				TEST_HOST = "$(BUILT_PRODUCTS_DIR)/CHRiudoms.app/CHRiudoms";
			};
			name = Debug;
		};
		DB16BF291A095D0600BF100B /* Release */ = {
			isa = XCBuildConfiguration;
			buildSettings = {
				BUNDLE_LOADER = "$(TEST_HOST)";
				FRAMEWORK_SEARCH_PATHS = (
					"$(SDKROOT)/Developer/Library/Frameworks",
					"$(inherited)",
				);
				INFOPLIST_FILE = CHRiudomsTests/Info.plist;
				LD_RUNPATH_SEARCH_PATHS = "$(inherited) @executable_path/Frameworks @loader_path/Frameworks";
				PRODUCT_NAME = "$(TARGET_NAME)";
				TEST_HOST = "$(BUILT_PRODUCTS_DIR)/CHRiudoms.app/CHRiudoms";
			};
			name = Release;
		};
/* End XCBuildConfiguration section */

/* Begin XCConfigurationList section */
		DB16BEF91A095D0600BF100B /* Build configuration list for PBXProject "CHRiudoms" */ = {
			isa = XCConfigurationList;
			buildConfigurations = (
				DB16BF221A095D0600BF100B /* Debug */,
				DB16BF231A095D0600BF100B /* Release */,
			);
			defaultConfigurationIsVisible = 0;
			defaultConfigurationName = Release;
		};
		DB16BF241A095D0600BF100B /* Build configuration list for PBXNativeTarget "CHRiudoms" */ = {
			isa = XCConfigurationList;
			buildConfigurations = (
				DB16BF251A095D0600BF100B /* Debug */,
				DB16BF261A095D0600BF100B /* Release */,
			);
			defaultConfigurationIsVisible = 0;
			defaultConfigurationName = Release;
		};
		DB16BF271A095D0600BF100B /* Build configuration list for PBXNativeTarget "CHRiudomsTests" */ = {
			isa = XCConfigurationList;
			buildConfigurations = (
				DB16BF281A095D0600BF100B /* Debug */,
				DB16BF291A095D0600BF100B /* Release */,
			);
			defaultConfigurationIsVisible = 0;
			defaultConfigurationName = Release;
		};
/* End XCConfigurationList section */

/* Begin XCVersionGroup section */
		DB16BF081A095D0600BF100B /* CHRiudoms.xcdatamodeld */ = {
			isa = XCVersionGroup;
			children = (
				DB16BF091A095D0600BF100B /* CHRiudoms.xcdatamodel */,
			);
			currentVersion = DB16BF091A095D0600BF100B /* CHRiudoms.xcdatamodel */;
			path = CHRiudoms.xcdatamodeld;
			sourceTree = "<group>";
			versionGroupType = wrapper.xcdatamodel;
		};
/* End XCVersionGroup section */
	};
	rootObject = DB16BEF61A095D0600BF100B /* Project object */;
}
